
Microsoft Visual Studio Solution File, Format Version 12.00
# Visual Studio 15
VisualStudioVersion = 15.0.26730.12
MinimumVisualStudioVersion = 10.0.40219.1
Project("{2150E333-8FDC-42A3-9474-1A3956D46DE8}") = "src", "src", "{1A754E40-F164-4442-B51E-160CF2A1F34E}"
EndProject
Project("{9A19103F-16F7-4668-BE54-9A1E7A4F7556}") = "GeekLearning.Events", "GeekLearning.Events\GeekLearning.Events.csproj", "{BBEE98EB-02B4-4110-897E-9D18A93658BD}"
EndProject
Project("{9A19103F-16F7-4668-BE54-9A1E7A4F7556}") = "GeekLearning.Events.AzureStorage", "GeekLearning.Events.AzureStorage\GeekLearning.Events.AzureStorage.csproj", "{1D5AE94A-9236-437C-97F1-4674ED6C9D70}"
EndProject
Project("{9A19103F-16F7-4668-BE54-9A1E7A4F7556}") = "GeekLearning.Events.InMemory", "GeekLearning.Events.InMemory\GeekLearning.Events.InMemory.csproj", "{3213EBAB-980A-4D02-A1DB-99CEB73021FA}"
EndProject
Project("{9A19103F-16F7-4668-BE54-9A1E7A4F7556}") = "GeekLearning.Events.Sample", "GeekLearning.Events.Sample\GeekLearning.Events.Sample.csproj", "{23E195B9-C27D-46AF-9BA1-FC83A804867D}"
EndProject
Project("{2150E333-8FDC-42A3-9474-1A3956D46DE8}") = "Solution Items", "Solution Items", "{E01693EF-6658-4FB9-8849-337A4665B6CD}"
	ProjectSection(SolutionItems) = preProject
		LICENSE.txt = LICENSE.txt
		README.md = README.md
	EndProjectSection
EndProject
Global
	GlobalSection(SolutionConfigurationPlatforms) = preSolution
		Debug|Any CPU = Debug|Any CPU
		Release|Any CPU = Release|Any CPU
	EndGlobalSection
	GlobalSection(ProjectConfigurationPlatforms) = postSolution
		{BBEE98EB-02B4-4110-897E-9D18A93658BD}.Debug|Any CPU.ActiveCfg = Debug|Any CPU
		{BBEE98EB-02B4-4110-897E-9D18A93658BD}.Debug|Any CPU.Build.0 = Debug|Any CPU
		{BBEE98EB-02B4-4110-897E-9D18A93658BD}.Release|Any CPU.ActiveCfg = Release|Any CPU
		{BBEE98EB-02B4-4110-897E-9D18A93658BD}.Release|Any CPU.Build.0 = Release|Any CPU
		{1D5AE94A-9236-437C-97F1-4674ED6C9D70}.Debug|Any CPU.ActiveCfg = Debug|Any CPU
		{1D5AE94A-9236-437C-97F1-4674ED6C9D70}.Debug|Any CPU.Build.0 = Debug|Any CPU
		{1D5AE94A-9236-437C-97F1-4674ED6C9D70}.Release|Any CPU.ActiveCfg = Release|Any CPU
		{1D5AE94A-9236-437C-97F1-4674ED6C9D70}.Release|Any CPU.Build.0 = Release|Any CPU
		{3213EBAB-980A-4D02-A1DB-99CEB73021FA}.Debug|Any CPU.ActiveCfg = Debug|Any CPU
		{3213EBAB-980A-4D02-A1DB-99CEB73021FA}.Debug|Any CPU.Build.0 = Debug|Any CPU
		{3213EBAB-980A-4D02-A1DB-99CEB73021FA}.Release|Any CPU.ActiveCfg = Release|Any CPU
		{3213EBAB-980A-4D02-A1DB-99CEB73021FA}.Release|Any CPU.Build.0 = Release|Any CPU
		{23E195B9-C27D-46AF-9BA1-FC83A804867D}.Debug|Any CPU.ActiveCfg = Debug|Any CPU
		{23E195B9-C27D-46AF-9BA1-FC83A804867D}.Debug|Any CPU.Build.0 = Debug|Any CPU
		{23E195B9-C27D-46AF-9BA1-FC83A804867D}.Release|Any CPU.ActiveCfg = Release|Any CPU
		{23E195B9-C27D-46AF-9BA1-FC83A804867D}.Release|Any CPU.Build.0 = Release|Any CPU
	EndGlobalSection
	GlobalSection(SolutionProperties) = preSolution
		HideSolutionNode = FALSE
	EndGlobalSection
	GlobalSection(NestedProjects) = preSolution
		{BBEE98EB-02B4-4110-897E-9D18A93658BD} = {1A754E40-F164-4442-B51E-160CF2A1F34E}
		{1D5AE94A-9236-437C-97F1-4674ED6C9D70} = {1A754E40-F164-4442-B51E-160CF2A1F34E}
		{3213EBAB-980A-4D02-A1DB-99CEB73021FA} = {1A754E40-F164-4442-B51E-160CF2A1F34E}
		{23E195B9-C27D-46AF-9BA1-FC83A804867D} = {1A754E40-F164-4442-B51E-160CF2A1F34E}
	EndGlobalSection
	GlobalSection(ExtensibilityGlobals) = postSolution
		SolutionGuid = {E09B2C30-A610-4720-BFA8-DB61F944C041}
	EndGlobalSection
EndGlobal
